
Microsoft Visual Studio Solution File, Format Version 12.00
# Visual Studio Version 17
VisualStudioVersion = 17.10.35013.160
MinimumVisualStudioVersion = 10.0.40219.1
Project("{9A19103F-16F7-4668-BE54-9A1E7A4F7556}") = "MediathequeBackCSharp", "MediathequeBackCSharp\MediathequeBackCSharp.csproj", "{DC35FBA5-A16F-45AF-92FD-127703E79D0B}"
EndProject
Project("{9A19103F-16F7-4668-BE54-9A1E7A4F7556}") = "ApplicationCore", "ApplicationCore\ApplicationCore.csproj", "{D76D40F5-110E-47BF-AECA-52BFCB645286}"
EndProject
Project("{9A19103F-16F7-4668-BE54-9A1E7A4F7556}") = "Infrastructure.MySQL", "Infrastructure.MySQL\Infrastructure.MySQL.csproj", "{BEFC5FB8-229A-42A6-BCB4-31D1EE6FE299}"
EndProject
Project("{9A19103F-16F7-4668-BE54-9A1E7A4F7556}") = "Infrastructure.BnfApi", "Infrastructure.BnfApi\Infrastructure.BnfApi.csproj", "{C0914D6B-F916-4245-A566-4A2C86023B39}"
EndProject
Project("{9A19103F-16F7-4668-BE54-9A1E7A4F7556}") = "ApplicationCore.Tests", "ApplicationCore.Tests\ApplicationCore.Tests.csproj", "{9D90249E-57EE-4C5F-A3CF-9AAAB247B584}"
EndProject
Project("{FAE04EC0-301F-11D3-BF4B-00C04F79EFBC}") = "Infrastructure.BnfApi.Tests", "Infrastructure.BnfApi.Tests\Infrastructure.BnfApi.Tests.csproj", "{BEA00B7A-DD52-42B6-8BB5-AA4305CE5EBE}"
EndProject
Global
	GlobalSection(SolutionConfigurationPlatforms) = preSolution
		Debug|Any CPU = Debug|Any CPU
		Release|Any CPU = Release|Any CPU
	EndGlobalSection
	GlobalSection(ProjectConfigurationPlatforms) = postSolution
		{DC35FBA5-A16F-45AF-92FD-127703E79D0B}.Debug|Any CPU.ActiveCfg = Debug|Any CPU
		{DC35FBA5-A16F-45AF-92FD-127703E79D0B}.Debug|Any CPU.Build.0 = Debug|Any CPU
		{DC35FBA5-A16F-45AF-92FD-127703E79D0B}.Release|Any CPU.ActiveCfg = Release|Any CPU
		{DC35FBA5-A16F-45AF-92FD-127703E79D0B}.Release|Any CPU.Build.0 = Release|Any CPU
		{D76D40F5-110E-47BF-AECA-52BFCB645286}.Debug|Any CPU.ActiveCfg = Debug|Any CPU
		{D76D40F5-110E-47BF-AECA-52BFCB645286}.Debug|Any CPU.Build.0 = Debug|Any CPU
		{D76D40F5-110E-47BF-AECA-52BFCB645286}.Release|Any CPU.ActiveCfg = Release|Any CPU
		{D76D40F5-110E-47BF-AECA-52BFCB645286}.Release|Any CPU.Build.0 = Release|Any CPU
		{BEFC5FB8-229A-42A6-BCB4-31D1EE6FE299}.Debug|Any CPU.ActiveCfg = Debug|Any CPU
		{BEFC5FB8-229A-42A6-BCB4-31D1EE6FE299}.Debug|Any CPU.Build.0 = Debug|Any CPU
		{BEFC5FB8-229A-42A6-BCB4-31D1EE6FE299}.Release|Any CPU.ActiveCfg = Release|Any CPU
		{BEFC5FB8-229A-42A6-BCB4-31D1EE6FE299}.Release|Any CPU.Build.0 = Release|Any CPU
		{C0914D6B-F916-4245-A566-4A2C86023B39}.Debug|Any CPU.ActiveCfg = Debug|Any CPU
		{C0914D6B-F916-4245-A566-4A2C86023B39}.Debug|Any CPU.Build.0 = Debug|Any CPU
		{C0914D6B-F916-4245-A566-4A2C86023B39}.Release|Any CPU.ActiveCfg = Release|Any CPU
		{C0914D6B-F916-4245-A566-4A2C86023B39}.Release|Any CPU.Build.0 = Release|Any CPU
		{9D90249E-57EE-4C5F-A3CF-9AAAB247B584}.Debug|Any CPU.ActiveCfg = Debug|Any CPU
		{9D90249E-57EE-4C5F-A3CF-9AAAB247B584}.Debug|Any CPU.Build.0 = Debug|Any CPU
		{9D90249E-57EE-4C5F-A3CF-9AAAB247B584}.Release|Any CPU.ActiveCfg = Release|Any CPU
		{9D90249E-57EE-4C5F-A3CF-9AAAB247B584}.Release|Any CPU.Build.0 = Release|Any CPU
		{BEA00B7A-DD52-42B6-8BB5-AA4305CE5EBE}.Debug|Any CPU.ActiveCfg = Debug|Any CPU
		{BEA00B7A-DD52-42B6-8BB5-AA4305CE5EBE}.Debug|Any CPU.Build.0 = Debug|Any CPU
		{BEA00B7A-DD52-42B6-8BB5-AA4305CE5EBE}.Release|Any CPU.ActiveCfg = Release|Any CPU
		{BEA00B7A-DD52-42B6-8BB5-AA4305CE5EBE}.Release|Any CPU.Build.0 = Release|Any CPU
	EndGlobalSection
	GlobalSection(SolutionProperties) = preSolution
		HideSolutionNode = FALSE
	EndGlobalSection
	GlobalSection(ExtensibilityGlobals) = postSolution
		SolutionGuid = {31745A20-0FD9-4334-B685-CE95238C0ED7}
		RESX_NeutralResourcesLanguage = fr-FR
		RESX_SaveFilesImmediatelyUponChange = False
	EndGlobalSection
EndGlobal
